
Microsoft Visual Studio Solution File, Format Version 12.00
# Visual Studio 15
VisualStudioVersion = 15.0.27703.2000
MinimumVisualStudioVersion = 10.0.40219.1
Project("{FAE04EC0-301F-11D3-BF4B-00C04F79EFBC}") = "AppTest.Android", "AppTest\AppTest.Android\AppTest.Android.csproj", "{302468AB-E0E0-4269-8B8F-FA7205107D10}"
EndProject
Project("{FAE04EC0-301F-11D3-BF4B-00C04F79EFBC}") = "AppTest.iOS", "AppTest\AppTest.iOS\AppTest.iOS.csproj", "{6C89A5F3-BA03-4233-8BE4-23A9221928B6}"
EndProject
Project("{D954291E-2A0B-460D-934E-DC6B0785DB48}") = "AppTest", "AppTest\AppTest\AppTest.shproj", "{34B1C806-36D2-4DB4-886B-EAAF9EF022F9}"
EndProject
Global
	GlobalSection(SharedMSBuildProjectFiles) = preSolution
		AppTest\AppTest\AppTest.projitems*{302468ab-e0e0-4269-8b8f-fa7205107d10}*SharedItemsImports = 4
		AppTest\AppTest\AppTest.projitems*{34b1c806-36d2-4db4-886b-eaaf9ef022f9}*SharedItemsImports = 13
		AppTest\AppTest\AppTest.projitems*{6c89a5f3-ba03-4233-8be4-23a9221928b6}*SharedItemsImports = 4
	EndGlobalSection
	GlobalSection(SolutionConfigurationPlatforms) = preSolution
		Debug|Any CPU = Debug|Any CPU
		Debug|ARM = Debug|ARM
		Debug|iPhone = Debug|iPhone
		Debug|iPhoneSimulator = Debug|iPhoneSimulator
		Debug|x64 = Debug|x64
		Debug|x86 = Debug|x86
		Release|Any CPU = Release|Any CPU
		Release|ARM = Release|ARM
		Release|iPhone = Release|iPhone
		Release|iPhoneSimulator = Release|iPhoneSimulator
		Release|x64 = Release|x64
		Release|x86 = Release|x86
	EndGlobalSection
	GlobalSection(ProjectConfigurationPlatforms) = postSolution
		{302468AB-E0E0-4269-8B8F-FA7205107D10}.Debug|Any CPU.ActiveCfg = Debug|Any CPU
		{302468AB-E0E0-4269-8B8F-FA7205107D10}.Debug|Any CPU.Build.0 = Debug|Any CPU
		{302468AB-E0E0-4269-8B8F-FA7205107D10}.Debug|Any CPU.Deploy.0 = Debug|Any CPU
		{302468AB-E0E0-4269-8B8F-FA7205107D10}.Debug|ARM.ActiveCfg = Debug|Any CPU
		{302468AB-E0E0-4269-8B8F-FA7205107D10}.Debug|ARM.Build.0 = Debug|Any CPU
		{302468AB-E0E0-4269-8B8F-FA7205107D10}.Debug|ARM.Deploy.0 = Debug|Any CPU
		{302468AB-E0E0-4269-8B8F-FA7205107D10}.Debug|iPhone.ActiveCfg = Debug|Any CPU
		{302468AB-E0E0-4269-8B8F-FA7205107D10}.Debug|iPhone.Build.0 = Debug|Any CPU
		{302468AB-E0E0-4269-8B8F-FA7205107D10}.Debug|iPhone.Deploy.0 = Debug|Any CPU
		{302468AB-E0E0-4269-8B8F-FA7205107D10}.Debug|iPhoneSimulator.ActiveCfg = Debug|Any CPU
		{302468AB-E0E0-4269-8B8F-FA7205107D10}.Debug|iPhoneSimulator.Build.0 = Debug|Any CPU
		{302468AB-E0E0-4269-8B8F-FA7205107D10}.Debug|iPhoneSimulator.Deploy.0 = Debug|Any CPU
		{302468AB-E0E0-4269-8B8F-FA7205107D10}.Debug|x64.ActiveCfg = Debug|Any CPU
		{302468AB-E0E0-4269-8B8F-FA7205107D10}.Debug|x64.Build.0 = Debug|Any CPU
		{302468AB-E0E0-4269-8B8F-FA7205107D10}.Debug|x64.Deploy.0 = Debug|Any CPU
		{302468AB-E0E0-4269-8B8F-FA7205107D10}.Debug|x86.ActiveCfg = Debug|Any CPU
		{302468AB-E0E0-4269-8B8F-FA7205107D10}.Debug|x86.Build.0 = Debug|Any CPU
		{302468AB-E0E0-4269-8B8F-FA7205107D10}.Debug|x86.Deploy.0 = Debug|Any CPU
		{302468AB-E0E0-4269-8B8F-FA7205107D10}.Release|Any CPU.ActiveCfg = Release|Any CPU
		{302468AB-E0E0-4269-8B8F-FA7205107D10}.Release|Any CPU.Build.0 = Release|Any CPU
		{302468AB-E0E0-4269-8B8F-FA7205107D10}.Release|Any CPU.Deploy.0 = Release|Any CPU
		{302468AB-E0E0-4269-8B8F-FA7205107D10}.Release|ARM.ActiveCfg = Release|Any CPU
		{302468AB-E0E0-4269-8B8F-FA7205107D10}.Release|ARM.Build.0 = Release|Any CPU
		{302468AB-E0E0-4269-8B8F-FA7205107D10}.Release|ARM.Deploy.0 = Release|Any CPU
		{302468AB-E0E0-4269-8B8F-FA7205107D10}.Release|iPhone.ActiveCfg = Release|Any CPU
		{302468AB-E0E0-4269-8B8F-FA7205107D10}.Release|iPhone.Build.0 = Release|Any CPU
		{302468AB-E0E0-4269-8B8F-FA7205107D10}.Release|iPhone.Deploy.0 = Release|Any CPU
		{302468AB-E0E0-4269-8B8F-FA7205107D10}.Release|iPhoneSimulator.ActiveCfg = Release|Any CPU
		{302468AB-E0E0-4269-8B8F-FA7205107D10}.Release|iPhoneSimulator.Build.0 = Release|Any CPU
		{302468AB-E0E0-4269-8B8F-FA7205107D10}.Release|iPhoneSimulator.Deploy.0 = Release|Any CPU
		{302468AB-E0E0-4269-8B8F-FA7205107D10}.Release|x64.ActiveCfg = Release|Any CPU
		{302468AB-E0E0-4269-8B8F-FA7205107D10}.Release|x64.Build.0 = Release|Any CPU
		{302468AB-E0E0-4269-8B8F-FA7205107D10}.Release|x64.Deploy.0 = Release|Any CPU
		{302468AB-E0E0-4269-8B8F-FA7205107D10}.Release|x86.ActiveCfg = Release|Any CPU
		{302468AB-E0E0-4269-8B8F-FA7205107D10}.Release|x86.Build.0 = Release|Any CPU
		{302468AB-E0E0-4269-8B8F-FA7205107D10}.Release|x86.Deploy.0 = Release|Any CPU
		{6C89A5F3-BA03-4233-8BE4-23A9221928B6}.Debug|Any CPU.ActiveCfg = Debug|iPhoneSimulator
		{6C89A5F3-BA03-4233-8BE4-23A9221928B6}.Debug|Any CPU.Build.0 = Debug|iPhoneSimulator
		{6C89A5F3-BA03-4233-8BE4-23A9221928B6}.Debug|Any CPU.Deploy.0 = Debug|iPhoneSimulator
		{6C89A5F3-BA03-4233-8BE4-23A9221928B6}.Debug|ARM.ActiveCfg = Debug|iPhone
		{6C89A5F3-BA03-4233-8BE4-23A9221928B6}.Debug|ARM.Build.0 = Debug|iPhone
		{6C89A5F3-BA03-4233-8BE4-23A9221928B6}.Debug|ARM.Deploy.0 = Debug|iPhone
		{6C89A5F3-BA03-4233-8BE4-23A9221928B6}.Debug|iPhone.ActiveCfg = Debug|iPhone
		{6C89A5F3-BA03-4233-8BE4-23A9221928B6}.Debug|iPhone.Build.0 = Debug|iPhone
		{6C89A5F3-BA03-4233-8BE4-23A9221928B6}.Debug|iPhone.Deploy.0 = Debug|iPhone
		{6C89A5F3-BA03-4233-8BE4-23A9221928B6}.Debug|iPhoneSimulator.ActiveCfg = Debug|iPhoneSimulator
		{6C89A5F3-BA03-4233-8BE4-23A9221928B6}.Debug|iPhoneSimulator.Build.0 = Debug|iPhoneSimulator
		{6C89A5F3-BA03-4233-8BE4-23A9221928B6}.Debug|iPhoneSimulator.Deploy.0 = Debug|iPhoneSimulator
		{6C89A5F3-BA03-4233-8BE4-23A9221928B6}.Debug|x64.ActiveCfg = Debug|iPhone
		{6C89A5F3-BA03-4233-8BE4-23A9221928B6}.Debug|x64.Build.0 = Debug|iPhone
		{6C89A5F3-BA03-4233-8BE4-23A9221928B6}.Debug|x64.Deploy.0 = Debug|iPhone
		{6C89A5F3-BA03-4233-8BE4-23A9221928B6}.Debug|x86.ActiveCfg = Debug|iPhone
		{6C89A5F3-BA03-4233-8BE4-23A9221928B6}.Debug|x86.Build.0 = Debug|iPhone
		{6C89A5F3-BA03-4233-8BE4-23A9221928B6}.Debug|x86.Deploy.0 = Debug|iPhone
		{6C89A5F3-BA03-4233-8BE4-23A9221928B6}.Release|Any CPU.ActiveCfg = Release|iPhone
		{6C89A5F3-BA03-4233-8BE4-23A9221928B6}.Release|Any CPU.Build.0 = Release|iPhone
		{6C89A5F3-BA03-4233-8BE4-23A9221928B6}.Release|Any CPU.Deploy.0 = Release|iPhone
		{6C89A5F3-BA03-4233-8BE4-23A9221928B6}.Release|ARM.ActiveCfg = Release|iPhone
		{6C89A5F3-BA03-4233-8BE4-23A9221928B6}.Release|ARM.Build.0 = Release|iPhone
		{6C89A5F3-BA03-4233-8BE4-23A9221928B6}.Release|ARM.Deploy.0 = Release|iPhone
		{6C89A5F3-BA03-4233-8BE4-23A9221928B6}.Release|iPhone.ActiveCfg = Release|iPhone
		{6C89A5F3-BA03-4233-8BE4-23A9221928B6}.Release|iPhone.Build.0 = Release|iPhone
		{6C89A5F3-BA03-4233-8BE4-23A9221928B6}.Release|iPhone.Deploy.0 = Release|iPhone
		{6C89A5F3-BA03-4233-8BE4-23A9221928B6}.Release|iPhoneSimulator.ActiveCfg = Release|iPhoneSimulator
		{6C89A5F3-BA03-4233-8BE4-23A9221928B6}.Release|iPhoneSimulator.Build.0 = Release|iPhoneSimulator
		{6C89A5F3-BA03-4233-8BE4-23A9221928B6}.Release|iPhoneSimulator.Deploy.0 = Release|iPhoneSimulator
		{6C89A5F3-BA03-4233-8BE4-23A9221928B6}.Release|x64.ActiveCfg = Release|iPhone
		{6C89A5F3-BA03-4233-8BE4-23A9221928B6}.Release|x64.Build.0 = Release|iPhone
		{6C89A5F3-BA03-4233-8BE4-23A9221928B6}.Release|x64.Deploy.0 = Release|iPhone
		{6C89A5F3-BA03-4233-8BE4-23A9221928B6}.Release|x86.ActiveCfg = Release|iPhone
		{6C89A5F3-BA03-4233-8BE4-23A9221928B6}.Release|x86.Build.0 = Release|iPhone
		{6C89A5F3-BA03-4233-8BE4-23A9221928B6}.Release|x86.Deploy.0 = Release|iPhone
	EndGlobalSection
	GlobalSection(SolutionProperties) = preSolution
		HideSolutionNode = FALSE
	EndGlobalSection
	GlobalSection(ExtensibilityGlobals) = postSolution
		SolutionGuid = {9B94DD9E-3FF7-4E1B-AAC0-A8DBBBD95EC9}
	EndGlobalSection
EndGlobal
